Microsoft Visual Studio Solution File, Format Version 12.00
# Visual Studio Version 17
VisualStudioVersion = 17.5.2.0
MinimumVisualStudioVersion = 10.0.40219.1
Project("{FAE04EC0-301F-11D3-BF4B-00C04F79EFBC}") = "WorldApi", "WorldApi.csproj", "{B98228F1-FBCA-7D14-6F5B-D533E240E5D6}"
EndProject
Global
	GlobalSection(SolutionConfigurationPlatforms) = preSolution
		Debug|Any CPU = Debug|Any CPU
		Release|Any CPU = Release|Any CPU
	EndGlobalSection
	GlobalSection(ProjectConfigurationPlatforms) = postSolution
		{B98228F1-FBCA-7D14-6F5B-D533E240E5D6}.Debug|Any CPU.ActiveCfg = Debug|Any CPU
		{B98228F1-FBCA-7D14-6F5B-D533E240E5D6}.Debug|Any CPU.Build.0 = Debug|Any CPU
		{B98228F1-FBCA-7D14-6F5B-D533E240E5D6}.Release|Any CPU.ActiveCfg = Release|Any CPU
		{B98228F1-FBCA-7D14-6F5B-D533E240E5D6}.Release|Any CPU.Build.0 = Release|Any CPU
	EndGlobalSection
	GlobalSection(SolutionProperties) = preSolution
		HideSolutionNode = FALSE
	EndGlobalSection
	GlobalSection(ExtensibilityGlobals) = postSolution
		SolutionGuid = {CCFC550C-1446-4710-AE9C-7A5C76BAE865}
	EndGlobalSection
EndGlobal
